{
  "lockfileVersion": 1,
  "workspaces": {
    "": {
      "dependencies": {
        "react-image-file-resizer": "^0.4.8",
      },
    },
  },
  "packages": {
    "react-image-file-resizer": ["react-image-file-resizer@0.4.8", "", {}, "sha512-Ue7CfKnSlsfJ//SKzxNMz8avDgDSpWQDOnTKOp/GNRFJv4dO9L5YGHNEnj40peWkXXAK2OK0eRIoXhOYpUzUTQ=="],
  }
}
